// !$*UTF8*$!
{
	archiveVersion = 1;
	classes = {
	};
	objectVersion = 48;
	objects = {

/* Begin PBXBuildFile section */
		433DBA37200F603800732B20 /* CountOfPlayerView.xib in Resources */ = {isa = PBXBuildFile; fileRef = 433DBA36200F603800732B20 /* CountOfPlayerView.xib */; };
		433DBA39200F61A200732B20 /* CountOfPlayerViewController.swift in Sources */ = {isa = PBXBuildFile; fileRef = 433DBA38200F61A200732B20 /* CountOfPlayerViewController.swift */; };
		433DBA3B200F627400732B20 /* CountOfPlayerViewModel.swift in Sources */ = {isa = PBXBuildFile; fileRef = 433DBA3A200F627400732B20 /* CountOfPlayerViewModel.swift */; };
		433DBA3E200F631C00732B20 /* CountOfPlayer.swift in Sources */ = {isa = PBXBuildFile; fileRef = 433DBA3D200F631C00732B20 /* CountOfPlayer.swift */; };
		434C7616200E0B7F00879242 /* AppDelegate.swift in Sources */ = {isa = PBXBuildFile; fileRef = 434C7615200E0B7F00879242 /* AppDelegate.swift */; };
		434C761D200E0B8000879242 /* Assets.xcassets in Resources */ = {isa = PBXBuildFile; fileRef = 434C761C200E0B8000879242 /* Assets.xcassets */; };
		434C7620200E0B8000879242 /* LaunchScreen.storyboard in Resources */ = {isa = PBXBuildFile; fileRef = 434C761E200E0B8000879242 /* LaunchScreen.storyboard */; };
		434C762F200E142400879242 /* Game .swift in Sources */ = {isa = PBXBuildFile; fileRef = 434C762E200E142400879242 /* Game .swift */; };
		434C7631200E146B00879242 /* Frame.swift in Sources */ = {isa = PBXBuildFile; fileRef = 434C7630200E146B00879242 /* Frame.swift */; };
		434C7633200E168A00879242 /* GameProtocol.swift in Sources */ = {isa = PBXBuildFile; fileRef = 434C7632200E168A00879242 /* GameProtocol.swift */; };
		434C7635200E1D7000879242 /* FrameProtocol.swift in Sources */ = {isa = PBXBuildFile; fileRef = 434C7634200E1D7000879242 /* FrameProtocol.swift */; };
		434DB51220132E3100F3017A /* NamesOfPlayersTableViewCell.swift in Sources */ = {isa = PBXBuildFile; fileRef = 434DB51020132E3100F3017A /* NamesOfPlayersTableViewCell.swift */; };
		434DB51320132E3100F3017A /* NamesOfPlayersTableViewCell.xib in Resources */ = {isa = PBXBuildFile; fileRef = 434DB51120132E3100F3017A /* NamesOfPlayersTableViewCell.xib */; };
		435FBBBB2010952F0087E415 /* Player.swift in Sources */ = {isa = PBXBuildFile; fileRef = 435FBBBA2010952F0087E415 /* Player.swift */; };
		435FBBBD2010960F0087E415 /* PlayerProtocol.swift in Sources */ = {isa = PBXBuildFile; fileRef = 435FBBBC2010960F0087E415 /* PlayerProtocol.swift */; };
		435FBBBF2010971B0087E415 /* GlobalGame.swift in Sources */ = {isa = PBXBuildFile; fileRef = 435FBBBE2010971B0087E415 /* GlobalGame.swift */; };
		435FBBC1201097C90087E415 /* GlobalGameProtocol.swift in Sources */ = {isa = PBXBuildFile; fileRef = 435FBBC0201097C90087E415 /* GlobalGameProtocol.swift */; };
		435FBBC52010AA770087E415 /* NamesOfPlayersViewController.swift in Sources */ = {isa = PBXBuildFile; fileRef = 435FBBC42010AA770087E415 /* NamesOfPlayersViewController.swift */; };
		435FBBCB2010CA8C0087E415 /* NamesOfPlayersView.xib in Resources */ = {isa = PBXBuildFile; fileRef = 435FBBCA2010CA8C0087E415 /* NamesOfPlayersView.xib */; };
		435FBBCE2010DB9F0087E415 /* Coordinator.swift in Sources */ = {isa = PBXBuildFile; fileRef = 435FBBCD2010DB9F0087E415 /* Coordinator.swift */; };
		435FBBD02010DD780087E415 /* AppCoordinator.swift in Sources */ = {isa = PBXBuildFile; fileRef = 435FBBCF2010DD780087E415 /* AppCoordinator.swift */; };
		435FBBD22010EC140087E415 /* CountOfPlayerCoordinator.swift in Sources */ = {isa = PBXBuildFile; fileRef = 435FBBD12010EC140087E415 /* CountOfPlayerCoordinator.swift */; };
		435FBBD42010F6640087E415 /* NamesOfPlayersCoordinator .swift in Sources */ = {isa = PBXBuildFile; fileRef = 435FBBD32010F6640087E415 /* NamesOfPlayersCoordinator .swift */; };
/* End PBXBuildFile section */

/* Begin PBXFileReference section */
		433DBA36200F603800732B20 /* CountOfPlayerView.xib */ = {isa = PBXFileReference; lastKnownFileType = file.xib; path = CountOfPlayerView.xib; sourceTree = "<group>"; };
		433DBA38200F61A200732B20 /* CountOfPlayerViewController.swift */ = {isa = PBXFileReference; lastKnownFileType = sourcecode.swift; path = CountOfPlayerViewController.swift; sourceTree = "<group>"; };
		433DBA3A200F627400732B20 /* CountOfPlayerViewModel.swift */ = {isa = PBXFileReference; lastKnownFileType = sourcecode.swift; path = CountOfPlayerViewModel.swift; sourceTree = "<group>"; };
		433DBA3D200F631C00732B20 /* CountOfPlayer.swift */ = {isa = PBXFileReference; lastKnownFileType = sourcecode.swift; path = CountOfPlayer.swift; sourceTree = "<group>"; };
		434C7612200E0B7F00879242 /* Bowling.app */ = {isa = PBXFileReference; explicitFileType = wrapper.application; includeInIndex = 0; path = Bowling.app; sourceTree = BUILT_PRODUCTS_DIR; };
		434C7615200E0B7F00879242 /* AppDelegate.swift */ = {isa = PBXFileReference; lastKnownFileType = sourcecode.swift; path = AppDelegate.swift; sourceTree = "<group>"; };
		434C761C200E0B8000879242 /* Assets.xcassets */ = {isa = PBXFileReference; lastKnownFileType = folder.assetcatalog; path = Assets.xcassets; sourceTree = "<group>"; };
		434C761F200E0B8000879242 /* Base */ = {isa = PBXFileReference; lastKnownFileType = file.storyboard; name = Base; path = Base.lproj/LaunchScreen.storyboard; sourceTree = "<group>"; };
		434C7621200E0B8000879242 /* Info.plist */ = {isa = PBXFileReference; lastKnownFileType = text.plist.xml; path = Info.plist; sourceTree = "<group>"; };
		434C762E200E142400879242 /* Game .swift */ = {isa = PBXFileReference; lastKnownFileType = sourcecode.swift; path = "Game .swift"; sourceTree = "<group>"; };
		434C7630200E146B00879242 /* Frame.swift */ = {isa = PBXFileReference; lastKnownFileType = sourcecode.swift; path = Frame.swift; sourceTree = "<group>"; };
		434C7632200E168A00879242 /* GameProtocol.swift */ = {isa = PBXFileReference; lastKnownFileType = sourcecode.swift; path = GameProtocol.swift; sourceTree = "<group>"; };
		434C7634200E1D7000879242 /* FrameProtocol.swift */ = {isa = PBXFileReference; lastKnownFileType = sourcecode.swift; path = FrameProtocol.swift; sourceTree = "<group>"; };
		434DB51020132E3100F3017A /* NamesOfPlayersTableViewCell.swift */ = {isa = PBXFileReference; lastKnownFileType = sourcecode.swift; path = NamesOfPlayersTableViewCell.swift; sourceTree = "<group>"; };
		434DB51120132E3100F3017A /* NamesOfPlayersTableViewCell.xib */ = {isa = PBXFileReference; lastKnownFileType = file.xib; path = NamesOfPlayersTableViewCell.xib; sourceTree = "<group>"; };
		435FBBBA2010952F0087E415 /* Player.swift */ = {isa = PBXFileReference; lastKnownFileType = sourcecode.swift; path = Player.swift; sourceTree = "<group>"; };
		435FBBBC2010960F0087E415 /* PlayerProtocol.swift */ = {isa = PBXFileReference; lastKnownFileType = sourcecode.swift; path = PlayerProtocol.swift; sourceTree = "<group>"; };
		435FBBBE2010971B0087E415 /* GlobalGame.swift */ = {isa = PBXFileReference; lastKnownFileType = sourcecode.swift; path = GlobalGame.swift; sourceTree = "<group>"; };
		435FBBC0201097C90087E415 /* GlobalGameProtocol.swift */ = {isa = PBXFileReference; lastKnownFileType = sourcecode.swift; path = GlobalGameProtocol.swift; sourceTree = "<group>"; };
		435FBBC42010AA770087E415 /* NamesOfPlayersViewController.swift */ = {isa = PBXFileReference; lastKnownFileType = sourcecode.swift; path = NamesOfPlayersViewController.swift; sourceTree = "<group>"; };
		435FBBCA2010CA8C0087E415 /* NamesOfPlayersView.xib */ = {isa = PBXFileReference; lastKnownFileType = file.xib; path = NamesOfPlayersView.xib; sourceTree = "<group>"; };
		435FBBCD2010DB9F0087E415 /* Coordinator.swift */ = {isa = PBXFileReference; lastKnownFileType = sourcecode.swift; path = Coordinator.swift; sourceTree = "<group>"; };
		435FBBCF2010DD780087E415 /* AppCoordinator.swift */ = {isa = PBXFileReference; lastKnownFileType = sourcecode.swift; path = AppCoordinator.swift; sourceTree = "<group>"; };
		435FBBD12010EC140087E415 /* CountOfPlayerCoordinator.swift */ = {isa = PBXFileReference; lastKnownFileType = sourcecode.swift; path = CountOfPlayerCoordinator.swift; sourceTree = "<group>"; };
		435FBBD32010F6640087E415 /* NamesOfPlayersCoordinator .swift */ = {isa = PBXFileReference; lastKnownFileType = sourcecode.swift; path = "NamesOfPlayersCoordinator .swift"; sourceTree = "<group>"; };
/* End PBXFileReference section */

/* Begin PBXFrameworksBuildPhase section */
		434C760F200E0B7F00879242 /* Frameworks */ = {
			isa = PBXFrameworksBuildPhase;
			buildActionMask = 2147483647;
			files = (
			);
			runOnlyForDeploymentPostprocessing = 0;
		};
/* End PBXFrameworksBuildPhase section */

/* Begin PBXGroup section */
		433DBA35200F52E500732B20 /* Protocols */ = {
			isa = PBXGroup;
			children = (
				434C7632200E168A00879242 /* GameProtocol.swift */,
				434C7634200E1D7000879242 /* FrameProtocol.swift */,
				435FBBBC2010960F0087E415 /* PlayerProtocol.swift */,
				435FBBC0201097C90087E415 /* GlobalGameProtocol.swift */,
			);
			path = Protocols;
			sourceTree = "<group>";
		};
		433DBA3C200F62CA00732B20 /* Protocols */ = {
			isa = PBXGroup;
			children = (
				433DBA3D200F631C00732B20 /* CountOfPlayer.swift */,
			);
			path = Protocols;
			sourceTree = "<group>";
		};
		434C7609200E0B7F00879242 = {
			isa = PBXGroup;
			children = (
				434C7614200E0B7F00879242 /* Bowling */,
				434C7613200E0B7F00879242 /* Products */,
			);
			sourceTree = "<group>";
		};
		434C7613200E0B7F00879242 /* Products */ = {
			isa = PBXGroup;
			children = (
				434C7612200E0B7F00879242 /* Bowling.app */,
			);
			name = Products;
			sourceTree = "<group>";
		};
		434C7614200E0B7F00879242 /* Bowling */ = {
			isa = PBXGroup;
			children = (
				435FBBCC2010DB530087E415 /* Coordinators */,
				434C7629200E0BF700879242 /* View */,
				434C7628200E0BCF00879242 /* ViewModel */,
				434C7627200E0BBC00879242 /* Model */,
				434C7615200E0B7F00879242 /* AppDelegate.swift */,
				434C761C200E0B8000879242 /* Assets.xcassets */,
				434C761E200E0B8000879242 /* LaunchScreen.storyboard */,
				434C7621200E0B8000879242 /* Info.plist */,
			);
			path = Bowling;
			sourceTree = "<group>";
		};
		434C7627200E0BBC00879242 /* Model */ = {
			isa = PBXGroup;
			children = (
				433DBA35200F52E500732B20 /* Protocols */,
				434C762E200E142400879242 /* Game .swift */,
				434C7630200E146B00879242 /* Frame.swift */,
				435FBBBA2010952F0087E415 /* Player.swift */,
				435FBBBE2010971B0087E415 /* GlobalGame.swift */,
			);
			path = Model;
			sourceTree = "<group>";
		};
		434C7628200E0BCF00879242 /* ViewModel */ = {
			isa = PBXGroup;
			children = (
				433DBA3C200F62CA00732B20 /* Protocols */,
				433DBA3A200F627400732B20 /* CountOfPlayerViewModel.swift */,
			);
			path = ViewModel;
			sourceTree = "<group>";
		};
		434C7629200E0BF700879242 /* View */ = {
			isa = PBXGroup;
			children = (
				433DBA36200F603800732B20 /* CountOfPlayerView.xib */,
				433DBA38200F61A200732B20 /* CountOfPlayerViewController.swift */,
				435FBBC42010AA770087E415 /* NamesOfPlayersViewController.swift */,
				435FBBCA2010CA8C0087E415 /* NamesOfPlayersView.xib */,
				434DB51020132E3100F3017A /* NamesOfPlayersTableViewCell.swift */,
				434DB51120132E3100F3017A /* NamesOfPlayersTableViewCell.xib */,
			);
			path = View;
			sourceTree = "<group>";
		};
		435FBBCC2010DB530087E415 /* Coordinators */ = {
			isa = PBXGroup;
			children = (
				435FBBCD2010DB9F0087E415 /* Coordinator.swift */,
				435FBBCF2010DD780087E415 /* AppCoordinator.swift */,
				435FBBD12010EC140087E415 /* CountOfPlayerCoordinator.swift */,
				435FBBD32010F6640087E415 /* NamesOfPlayersCoordinator .swift */,
			);
			path = Coordinators;
			sourceTree = "<group>";
		};
/* End PBXGroup section */

/* Begin PBXNativeTarget section */
		434C7611200E0B7F00879242 /* Bowling */ = {
			isa = PBXNativeTarget;
			buildConfigurationList = 434C7624200E0B8000879242 /* Build configuration list for PBXNativeTarget "Bowling" */;
			buildPhases = (
				434C760E200E0B7F00879242 /* Sources */,
				434C760F200E0B7F00879242 /* Frameworks */,
				434C7610200E0B7F00879242 /* Resources */,
			);
			buildRules = (
			);
			dependencies = (
			);
			name = Bowling;
			productName = Bowling;
			productReference = 434C7612200E0B7F00879242 /* Bowling.app */;
			productType = "com.apple.product-type.application";
		};
/* End PBXNativeTarget section */

/* Begin PBXProject section */
		434C760A200E0B7F00879242 /* Project object */ = {
			isa = PBXProject;
			attributes = {
				LastSwiftUpdateCheck = 0910;
				LastUpgradeCheck = 0910;
				ORGANIZATIONNAME = Ihar_Karalko;
				TargetAttributes = {
					434C7611200E0B7F00879242 = {
						CreatedOnToolsVersion = 9.1;
						ProvisioningStyle = Automatic;
					};
				};
			};
			buildConfigurationList = 434C760D200E0B7F00879242 /* Build configuration list for PBXProject "Bowling" */;
			compatibilityVersion = "Xcode 8.0";
			developmentRegion = en;
			hasScannedForEncodings = 0;
			knownRegions = (
				en,
				Base,
			);
			mainGroup = 434C7609200E0B7F00879242;
			productRefGroup = 434C7613200E0B7F00879242 /* Products */;
			projectDirPath = "";
			projectRoot = "";
			targets = (
				434C7611200E0B7F00879242 /* Bowling */,
			);
		};
/* End PBXProject section */

/* Begin PBXResourcesBuildPhase section */
		434C7610200E0B7F00879242 /* Resources */ = {
			isa = PBXResourcesBuildPhase;
			buildActionMask = 2147483647;
			files = (
				433DBA37200F603800732B20 /* CountOfPlayerView.xib in Resources */,
				434C7620200E0B8000879242 /* LaunchScreen.storyboard in Resources */,
				435FBBCB2010CA8C0087E415 /* NamesOfPlayersView.xib in Resources */,
				434C761D200E0B8000879242 /* Assets.xcassets in Resources */,
				434DB51320132E3100F3017A /* NamesOfPlayersTableViewCell.xib in Resources */,
			);
			runOnlyForDeploymentPostprocessing = 0;
		};
/* End PBXResourcesBuildPhase section */

/* Begin PBXSourcesBuildPhase section */
		434C760E200E0B7F00879242 /* Sources */ = {
			isa = PBXSourcesBuildPhase;
			buildActionMask = 2147483647;
			files = (
				435FBBD42010F6640087E415 /* NamesOfPlayersCoordinator .swift in Sources */,
				435FBBC1201097C90087E415 /* GlobalGameProtocol.swift in Sources */,
				434DB51220132E3100F3017A /* NamesOfPlayersTableViewCell.swift in Sources */,
				435FBBC52010AA770087E415 /* NamesOfPlayersViewController.swift in Sources */,
				435FBBCE2010DB9F0087E415 /* Coordinator.swift in Sources */,
				434C762F200E142400879242 /* Game .swift in Sources */,
				435FBBD02010DD780087E415 /* AppCoordinator.swift in Sources */,
				433DBA3E200F631C00732B20 /* CountOfPlayer.swift in Sources */,
				435FBBBD2010960F0087E415 /* PlayerProtocol.swift in Sources */,
				434C7633200E168A00879242 /* GameProtocol.swift in Sources */,
				435FBBD22010EC140087E415 /* CountOfPlayerCoordinator.swift in Sources */,
				434C7631200E146B00879242 /* Frame.swift in Sources */,
				433DBA3B200F627400732B20 /* CountOfPlayerViewModel.swift in Sources */,
				434C7616200E0B7F00879242 /* AppDelegate.swift in Sources */,
				433DBA39200F61A200732B20 /* CountOfPlayerViewController.swift in Sources */,
				435FBBBB2010952F0087E415 /* Player.swift in Sources */,
				434C7635200E1D7000879242 /* FrameProtocol.swift in Sources */,
				435FBBBF2010971B0087E415 /* GlobalGame.swift in Sources */,
			);
			runOnlyForDeploymentPostprocessing = 0;
		};
/* End PBXSourcesBuildPhase section */

/* Begin PBXVariantGroup section */
		434C761E200E0B8000879242 /* LaunchScreen.storyboard */ = {
			isa = PBXVariantGroup;
			children = (
				434C761F200E0B8000879242 /* Base */,
			);
			name = LaunchScreen.storyboard;
			sourceTree = "<group>";
		};
/* End PBXVariantGroup section */

/* Begin XCBuildConfiguration section */
		434C7622200E0B8000879242 /* Debug */ = {
			isa = XCBuildConfiguration;
			buildSettings = {
				ALWAYS_SEARCH_USER_PATHS = NO;
				CLANG_ANALYZER_NONNULL = YES;
				CLANG_ANALYZER_NUMBER_OBJECT_CONVERSION = YES_AGGRESSIVE;
				CLANG_CXX_LANGUAGE_STANDARD = "gnu++14";
				CLANG_CXX_LIBRARY = "libc++";
				CLANG_ENABLE_MODULES = YES;
				CLANG_ENABLE_OBJC_ARC = YES;
				CLANG_WARN_BLOCK_CAPTURE_AUTORELEASING = YES;
				CLANG_WARN_BOOL_CONVERSION = YES;
				CLANG_WARN_COMMA = YES;
				CLANG_WARN_CONSTANT_CONVERSION = YES;
				CLANG_WARN_DIRECT_OBJC_ISA_USAGE = YES_ERROR;
				CLANG_WARN_DOCUMENTATION_COMMENTS = YES;
				CLANG_WARN_EMPTY_BODY = YES;
				CLANG_WARN_ENUM_CONVERSION = YES;
				CLANG_WARN_INFINITE_RECURSION = YES;
				CLANG_WARN_INT_CONVERSION = YES;
				CLANG_WARN_NON_LITERAL_NULL_CONVERSION = YES;
				CLANG_WARN_OBJC_LITERAL_CONVERSION = YES;
				CLANG_WARN_OBJC_ROOT_CLASS = YES_ERROR;
				CLANG_WARN_RANGE_LOOP_ANALYSIS = YES;
				CLANG_WARN_STRICT_PROTOTYPES = YES;
				CLANG_WARN_SUSPICIOUS_MOVE = YES;
				CLANG_WARN_UNGUARDED_AVAILABILITY = YES_AGGRESSIVE;
				CLANG_WARN_UNREACHABLE_CODE = YES;
				CLANG_WARN__DUPLICATE_METHOD_MATCH = YES;
				CODE_SIGN_IDENTITY = "iPhone Developer";
				COPY_PHASE_STRIP = NO;
				DEBUG_INFORMATION_FORMAT = dwarf;
				ENABLE_STRICT_OBJC_MSGSEND = YES;
				ENABLE_TESTABILITY = YES;
				GCC_C_LANGUAGE_STANDARD = gnu11;
				GCC_DYNAMIC_NO_PIC = NO;
				GCC_NO_COMMON_BLOCKS = YES;
				GCC_OPTIMIZATION_LEVEL = 0;
				GCC_PREPROCESSOR_DEFINITIONS = (
					"DEBUG=1",
					"$(inherited)",
				);
				GCC_WARN_64_TO_32_BIT_CONVERSION = YES;
				GCC_WARN_ABOUT_RETURN_TYPE = YES_ERROR;
				GCC_WARN_UNDECLARED_SELECTOR = YES;
				GCC_WARN_UNINITIALIZED_AUTOS = YES_AGGRESSIVE;
				GCC_WARN_UNUSED_FUNCTION = YES;
				GCC_WARN_UNUSED_VARIABLE = YES;
				IPHONEOS_DEPLOYMENT_TARGET = 11.1;
				MTL_ENABLE_DEBUG_INFO = YES;
				ONLY_ACTIVE_ARCH = YES;
				SDKROOT = iphoneos;
				SWIFT_ACTIVE_COMPILATION_CONDITIONS = DEBUG;
				SWIFT_OPTIMIZATION_LEVEL = "-Onone";
			};
			name = Debug;
		};
		434C7623200E0B8000879242 /* Release */ = {
			isa = XCBuildConfiguration;
			buildSettings = {
				ALWAYS_SEARCH_USER_PATHS = NO;
				CLANG_ANALYZER_NONNULL = YES;
				CLANG_ANALYZER_NUMBER_OBJECT_CONVERSION = YES_AGGRESSIVE;
				CLANG_CXX_LANGUAGE_STANDARD = "gnu++14";
				CLANG_CXX_LIBRARY = "libc++";
				CLANG_ENABLE_MODULES = YES;
				CLANG_ENABLE_OBJC_ARC = YES;
				CLANG_WARN_BLOCK_CAPTURE_AUTORELEASING = YES;
				CLANG_WARN_BOOL_CONVERSION = YES;
				CLANG_WARN_COMMA = YES;
				CLANG_WARN_CONSTANT_CONVERSION = YES;
				CLANG_WARN_DIRECT_OBJC_ISA_USAGE = YES_ERROR;
				CLANG_WARN_DOCUMENTATION_COMMENTS = YES;
				CLANG_WARN_EMPTY_BODY = YES;
				CLANG_WARN_ENUM_CONVERSION = YES;
				CLANG_WARN_INFINITE_RECURSION = YES;
				CLANG_WARN_INT_CONVERSION = YES;
				CLANG_WARN_NON_LITERAL_NULL_CONVERSION = YES;
				CLANG_WARN_OBJC_LITERAL_CONVERSION = YES;
				CLANG_WARN_OBJC_ROOT_CLASS = YES_ERROR;
				CLANG_WARN_RANGE_LOOP_ANALYSIS = YES;
				CLANG_WARN_STRICT_PROTOTYPES = YES;
				CLANG_WARN_SUSPICIOUS_MOVE = YES;
				CLANG_WARN_UNGUARDED_AVAILABILITY = YES_AGGRESSIVE;
				CLANG_WARN_UNREACHABLE_CODE = YES;
				CLANG_WARN__DUPLICATE_METHOD_MATCH = YES;
				CODE_SIGN_IDENTITY = "iPhone Developer";
				COPY_PHASE_STRIP = NO;
				DEBUG_INFORMATION_FORMAT = "dwarf-with-dsym";
				ENABLE_NS_ASSERTIONS = NO;
				ENABLE_STRICT_OBJC_MSGSEND = YES;
				GCC_C_LANGUAGE_STANDARD = gnu11;
				GCC_NO_COMMON_BLOCKS = YES;
				GCC_WARN_64_TO_32_BIT_CONVERSION = YES;
				GCC_WARN_ABOUT_RETURN_TYPE = YES_ERROR;
				GCC_WARN_UNDECLARED_SELECTOR = YES;
				GCC_WARN_UNINITIALIZED_AUTOS = YES_AGGRESSIVE;
				GCC_WARN_UNUSED_FUNCTION = YES;
				GCC_WARN_UNUSED_VARIABLE = YES;
				IPHONEOS_DEPLOYMENT_TARGET = 11.1;
				MTL_ENABLE_DEBUG_INFO = NO;
				SDKROOT = iphoneos;
				SWIFT_OPTIMIZATION_LEVEL = "-Owholemodule";
				VALIDATE_PRODUCT = YES;
			};
			name = Release;
		};
		434C7625200E0B8000879242 /* Debug */ = {
			isa = XCBuildConfiguration;
			buildSettings = {
				ASSETCATALOG_COMPILER_APPICON_NAME = AppIcon;
				CODE_SIGN_STYLE = Automatic;
				INFOPLIST_FILE = Bowling/Info.plist;
				LD_RUNPATH_SEARCH_PATHS = "$(inherited) @executable_path/Frameworks";
				PRODUCT_BUNDLE_IDENTIFIER = senla.Bowling;
				PRODUCT_NAME = "$(TARGET_NAME)";
				SWIFT_VERSION = 4.0;
				TARGETED_DEVICE_FAMILY = "1,2";
			};
			name = Debug;
		};
		434C7626200E0B8000879242 /* Release */ = {
			isa = XCBuildConfiguration;
			buildSettings = {
				ASSETCATALOG_COMPILER_APPICON_NAME = AppIcon;
				CODE_SIGN_STYLE = Automatic;
				INFOPLIST_FILE = Bowling/Info.plist;
				LD_RUNPATH_SEARCH_PATHS = "$(inherited) @executable_path/Frameworks";
				PRODUCT_BUNDLE_IDENTIFIER = senla.Bowling;
				PRODUCT_NAME = "$(TARGET_NAME)";
				SWIFT_VERSION = 4.0;
				TARGETED_DEVICE_FAMILY = "1,2";
			};
			name = Release;
		};
/* End XCBuildConfiguration section */

/* Begin XCConfigurationList section */
		434C760D200E0B7F00879242 /* Build configuration list for PBXProject "Bowling" */ = {
			isa = XCConfigurationList;
			buildConfigurations = (
				434C7622200E0B8000879242 /* Debug */,
				434C7623200E0B8000879242 /* Release */,
			);
			defaultConfigurationIsVisible = 0;
			defaultConfigurationName = Release;
		};
		434C7624200E0B8000879242 /* Build configuration list for PBXNativeTarget "Bowling" */ = {
			isa = XCConfigurationList;
			buildConfigurations = (
				434C7625200E0B8000879242 /* Debug */,
				434C7626200E0B8000879242 /* Release */,
			);
			defaultConfigurationIsVisible = 0;
			defaultConfigurationName = Release;
		};
/* End XCConfigurationList section */
	};
	rootObject = 434C760A200E0B7F00879242 /* Project object */;
}
