// !$*UTF8*$!
{
	archiveVersion = 1;
	classes = {
	};
	objectVersion = 48;
	objects = {

/* Begin PBXBuildFile section */
		433DBA37200F603800732B20 /* CountOfPlayerView.xib in Resources */ = {isa = PBXBuildFile; fileRef = 433DBA36200F603800732B20 /* CountOfPlayerView.xib */; };
		433DBA39200F61A200732B20 /* CountOfPlayerViewController.swift in Sources */ = {isa = PBXBuildFile; fileRef = 433DBA38200F61A200732B20 /* CountOfPlayerViewController.swift */; };
		433DBA3B200F627400732B20 /* CountOfPlayerViewModel.swift in Sources */ = {isa = PBXBuildFile; fileRef = 433DBA3A200F627400732B20 /* CountOfPlayerViewModel.swift */; };
		433DBA3E200F631C00732B20 /* CountOfPlayerProtocol.swift in Sources */ = {isa = PBXBuildFile; fileRef = 433DBA3D200F631C00732B20 /* CountOfPlayerProtocol.swift */; };
		4342F33220453B2D00D89C84 /* FrameTests.swift in Sources */ = {isa = PBXBuildFile; fileRef = 4342F33120453B2D00D89C84 /* FrameTests.swift */; };
		4342F33420454F8300D89C84 /* GameTests.swift in Sources */ = {isa = PBXBuildFile; fileRef = 4342F33320454F8300D89C84 /* GameTests.swift */; };
		4345753C2049361300838CC9 /* MapKit.framework in Frameworks */ = {isa = PBXBuildFile; fileRef = 4345753B2049361300838CC9 /* MapKit.framework */; };
		4345754620495F0900838CC9 /* LocationGameViewModel.swift in Sources */ = {isa = PBXBuildFile; fileRef = 4345754520495F0900838CC9 /* LocationGameViewModel.swift */; };
		434575492049643C00838CC9 /* DemoViewController.swift in Sources */ = {isa = PBXBuildFile; fileRef = 434575472049643C00838CC9 /* DemoViewController.swift */; };
		4345754A2049643C00838CC9 /* DemoViewController.xib in Resources */ = {isa = PBXBuildFile; fileRef = 434575482049643C00838CC9 /* DemoViewController.xib */; };
		4346FD7A202C72F2003768B5 /* GameSessionCoordinator.swift in Sources */ = {isa = PBXBuildFile; fileRef = 4346FD79202C72F2003768B5 /* GameSessionCoordinator.swift */; };
		4348EC3F2018825800B8E457 /* NamesOfPlayersProtocol .swift in Sources */ = {isa = PBXBuildFile; fileRef = 4348EC3E2018825800B8E457 /* NamesOfPlayersProtocol .swift */; };
		4348EC41201885DE00B8E457 /* NamesOfPlayersViewModel .swift in Sources */ = {isa = PBXBuildFile; fileRef = 4348EC40201885DE00B8E457 /* NamesOfPlayersViewModel .swift */; };
		434B08542029C99B00EE5BB3 /* FinalFrameViewModel.swift in Sources */ = {isa = PBXBuildFile; fileRef = 434B08532029C99B00EE5BB3 /* FinalFrameViewModel.swift */; };
		434BDB052021C8500029BB85 /* GameSessionViewController.swift in Sources */ = {isa = PBXBuildFile; fileRef = 434BDB032021C8500029BB85 /* GameSessionViewController.swift */; };
		434BDB062021C8500029BB85 /* GameSessionViewController.xib in Resources */ = {isa = PBXBuildFile; fileRef = 434BDB042021C8500029BB85 /* GameSessionViewController.xib */; };
		434BDB082021CC190029BB85 /* FinalFrameView.swift in Sources */ = {isa = PBXBuildFile; fileRef = 434BDB072021CC190029BB85 /* FinalFrameView.swift */; };
		434BDB0A2021CC390029BB85 /* FinalFrameView.xib in Resources */ = {isa = PBXBuildFile; fileRef = 434BDB092021CC390029BB85 /* FinalFrameView.xib */; };
		434C7616200E0B7F00879242 /* AppDelegate.swift in Sources */ = {isa = PBXBuildFile; fileRef = 434C7615200E0B7F00879242 /* AppDelegate.swift */; };
		434C761D200E0B8000879242 /* Assets.xcassets in Resources */ = {isa = PBXBuildFile; fileRef = 434C761C200E0B8000879242 /* Assets.xcassets */; };
		434C7620200E0B8000879242 /* LaunchScreen.storyboard in Resources */ = {isa = PBXBuildFile; fileRef = 434C761E200E0B8000879242 /* LaunchScreen.storyboard */; };
		434C762F200E142400879242 /* Game .swift in Sources */ = {isa = PBXBuildFile; fileRef = 434C762E200E142400879242 /* Game .swift */; };
		434C7631200E146B00879242 /* Frame.swift in Sources */ = {isa = PBXBuildFile; fileRef = 434C7630200E146B00879242 /* Frame.swift */; };
		434C7633200E168A00879242 /* GameProtocol.swift in Sources */ = {isa = PBXBuildFile; fileRef = 434C7632200E168A00879242 /* GameProtocol.swift */; };
		434C7635200E1D7000879242 /* FrameProtocol.swift in Sources */ = {isa = PBXBuildFile; fileRef = 434C7634200E1D7000879242 /* FrameProtocol.swift */; };
		434C8CB62020A542003D8E42 /* FrameView.swift in Sources */ = {isa = PBXBuildFile; fileRef = 434C8CB52020A542003D8E42 /* FrameView.swift */; };
		434C8CB82020A557003D8E42 /* FrameView.xib in Resources */ = {isa = PBXBuildFile; fileRef = 434C8CB72020A557003D8E42 /* FrameView.xib */; };
		434C8CBA2020B1D4003D8E42 /* GameView.swift in Sources */ = {isa = PBXBuildFile; fileRef = 434C8CB92020B1D4003D8E42 /* GameView.swift */; };
		434C8CBC2020B1F1003D8E42 /* GameView.xib in Resources */ = {isa = PBXBuildFile; fileRef = 434C8CBB2020B1F1003D8E42 /* GameView.xib */; };
		434D6840203EE30800133E51 /* FrameViewModelProtocol.swift in Sources */ = {isa = PBXBuildFile; fileRef = 434D683F203EE30800133E51 /* FrameViewModelProtocol.swift */; };
		434DB51220132E3100F3017A /* NamesOfPlayersTableViewCell.swift in Sources */ = {isa = PBXBuildFile; fileRef = 434DB51020132E3100F3017A /* NamesOfPlayersTableViewCell.swift */; };
		434DB51320132E3100F3017A /* NamesOfPlayersTableViewCell.xib in Resources */ = {isa = PBXBuildFile; fileRef = 434DB51120132E3100F3017A /* NamesOfPlayersTableViewCell.xib */; };
		4352D84A202359240093011C /* GameViewModel.swift in Sources */ = {isa = PBXBuildFile; fileRef = 4352D849202359240093011C /* GameViewModel.swift */; };
		4352D84C2023595D0093011C /* GameSessionViewModel.swift in Sources */ = {isa = PBXBuildFile; fileRef = 4352D84B2023595D0093011C /* GameSessionViewModel.swift */; };
		4352D84E202359A10093011C /* GameViewModelProtocol .swift in Sources */ = {isa = PBXBuildFile; fileRef = 4352D84D202359A10093011C /* GameViewModelProtocol .swift */; };
		4352D850202359D80093011C /* GameSessionViewModelProtocol .swift in Sources */ = {isa = PBXBuildFile; fileRef = 4352D84F202359D80093011C /* GameSessionViewModelProtocol .swift */; };
		435B2F1320482F6E005B564C /* LocationGameViewController.swift in Sources */ = {isa = PBXBuildFile; fileRef = 435B2F1120482F6E005B564C /* LocationGameViewController.swift */; };
		435B2F1420482F6E005B564C /* LocationGameViewController.xib in Resources */ = {isa = PBXBuildFile; fileRef = 435B2F1220482F6E005B564C /* LocationGameViewController.xib */; };
		435B2F18204830BD005B564C /* CustomCalloutView.xib in Resources */ = {isa = PBXBuildFile; fileRef = 435B2F17204830BD005B564C /* CustomCalloutView.xib */; };
		435B2F1A204830EB005B564C /* CustomCalloutView.swift in Sources */ = {isa = PBXBuildFile; fileRef = 435B2F19204830EB005B564C /* CustomCalloutView.swift */; };
		435FBBC52010AA770087E415 /* NamesOfPlayersViewController.swift in Sources */ = {isa = PBXBuildFile; fileRef = 435FBBC42010AA770087E415 /* NamesOfPlayersViewController.swift */; };
		435FBBCB2010CA8C0087E415 /* NamesOfPlayersView.xib in Resources */ = {isa = PBXBuildFile; fileRef = 435FBBCA2010CA8C0087E415 /* NamesOfPlayersView.xib */; };
		435FBBD02010DD780087E415 /* AppCoordinator.swift in Sources */ = {isa = PBXBuildFile; fileRef = 435FBBCF2010DD780087E415 /* AppCoordinator.swift */; };
		435FBBD22010EC140087E415 /* CountOfPlayerCoordinator.swift in Sources */ = {isa = PBXBuildFile; fileRef = 435FBBD12010EC140087E415 /* CountOfPlayerCoordinator.swift */; };
		435FBBD42010F6640087E415 /* NamesOfPlayersCoordinator .swift in Sources */ = {isa = PBXBuildFile; fileRef = 435FBBD32010F6640087E415 /* NamesOfPlayersCoordinator .swift */; };
		437187112024ABE60069645B /* FrameViewModel.swift in Sources */ = {isa = PBXBuildFile; fileRef = 437187102024ABE60069645B /* FrameViewModel.swift */; };
		4376D5E0204A87570088AE58 /* Service.swift in Sources */ = {isa = PBXBuildFile; fileRef = 4376D5DF204A87570088AE58 /* Service.swift */; };
		4376D5E6204ABF870088AE58 /* LocationGameCoordinator.swift in Sources */ = {isa = PBXBuildFile; fileRef = 4376D5E5204ABF870088AE58 /* LocationGameCoordinator.swift */; };
		4376D5EA204AE2290088AE58 /* СalloutLegView.swift in Sources */ = {isa = PBXBuildFile; fileRef = 4376D5E9204AE2290088AE58 /* СalloutLegView.swift */; };
		43A71563203EE9E200DFA516 /*  FinalFrameViewModelProtocol.swift in Sources */ = {isa = PBXBuildFile; fileRef = 43A71562203EE9E200DFA516 /*  FinalFrameViewModelProtocol.swift */; };
		43F91C89204D941C00659858 /* Bowling.xcdatamodeld in Sources */ = {isa = PBXBuildFile; fileRef = 43F91C87204D941C00659858 /* Bowling.xcdatamodeld */; };
		43F91C8B204D946A00659858 /* CoreDataManager .swift in Sources */ = {isa = PBXBuildFile; fileRef = 43F91C8A204D946A00659858 /* CoreDataManager .swift */; };
		B94A91A75D03B5E1215A9E4D /* Pods_Bowling.framework in Frameworks */ = {isa = PBXBuildFile; fileRef = 36160B32C118AE7053BDB6AB /* Pods_Bowling.framework */; };
/* End PBXBuildFile section */

/* Begin PBXContainerItemProxy section */
		436BA3E320443DE800C5DF30 /* PBXContainerItemProxy */ = {
			isa = PBXContainerItemProxy;
			containerPortal = 434C760A200E0B7F00879242 /* Project object */;
			proxyType = 1;
			remoteGlobalIDString = 434C7611200E0B7F00879242;
			remoteInfo = Bowling;
		};
/* End PBXContainerItemProxy section */

/* Begin PBXFileReference section */
		36160B32C118AE7053BDB6AB /* Pods_Bowling.framework */ = {isa = PBXFileReference; explicitFileType = wrapper.framework; includeInIndex = 0; path = Pods_Bowling.framework; sourceTree = BUILT_PRODUCTS_DIR; };
		433DBA36200F603800732B20 /* CountOfPlayerView.xib */ = {isa = PBXFileReference; lastKnownFileType = file.xib; path = CountOfPlayerView.xib; sourceTree = "<group>"; };
		433DBA38200F61A200732B20 /* CountOfPlayerViewController.swift */ = {isa = PBXFileReference; lastKnownFileType = sourcecode.swift; path = CountOfPlayerViewController.swift; sourceTree = "<group>"; };
		433DBA3A200F627400732B20 /* CountOfPlayerViewModel.swift */ = {isa = PBXFileReference; lastKnownFileType = sourcecode.swift; path = CountOfPlayerViewModel.swift; sourceTree = "<group>"; };
		433DBA3D200F631C00732B20 /* CountOfPlayerProtocol.swift */ = {isa = PBXFileReference; lastKnownFileType = sourcecode.swift; path = CountOfPlayerProtocol.swift; sourceTree = "<group>"; };
		4342F33120453B2D00D89C84 /* FrameTests.swift */ = {isa = PBXFileReference; lastKnownFileType = sourcecode.swift; path = FrameTests.swift; sourceTree = "<group>"; };
		4342F33320454F8300D89C84 /* GameTests.swift */ = {isa = PBXFileReference; lastKnownFileType = sourcecode.swift; path = GameTests.swift; sourceTree = "<group>"; };
		4345753B2049361300838CC9 /* MapKit.framework */ = {isa = PBXFileReference; lastKnownFileType = wrapper.framework; name = MapKit.framework; path = System/Library/Frameworks/MapKit.framework; sourceTree = SDKROOT; };
		4345754520495F0900838CC9 /* LocationGameViewModel.swift */ = {isa = PBXFileReference; lastKnownFileType = sourcecode.swift; path = LocationGameViewModel.swift; sourceTree = "<group>"; };
		434575472049643C00838CC9 /* DemoViewController.swift */ = {isa = PBXFileReference; lastKnownFileType = sourcecode.swift; path = DemoViewController.swift; sourceTree = "<group>"; };
		434575482049643C00838CC9 /* DemoViewController.xib */ = {isa = PBXFileReference; lastKnownFileType = file.xib; path = DemoViewController.xib; sourceTree = "<group>"; };
		4346FD79202C72F2003768B5 /* GameSessionCoordinator.swift */ = {isa = PBXFileReference; lastKnownFileType = sourcecode.swift; path = GameSessionCoordinator.swift; sourceTree = "<group>"; };
		4348EC3E2018825800B8E457 /* NamesOfPlayersProtocol .swift */ = {isa = PBXFileReference; lastKnownFileType = sourcecode.swift; path = "NamesOfPlayersProtocol .swift"; sourceTree = "<group>"; };
		4348EC40201885DE00B8E457 /* NamesOfPlayersViewModel .swift */ = {isa = PBXFileReference; lastKnownFileType = sourcecode.swift; path = "NamesOfPlayersViewModel .swift"; sourceTree = "<group>"; };
		434B08532029C99B00EE5BB3 /* FinalFrameViewModel.swift */ = {isa = PBXFileReference; lastKnownFileType = sourcecode.swift; path = FinalFrameViewModel.swift; sourceTree = "<group>"; };
		434BDB032021C8500029BB85 /* GameSessionViewController.swift */ = {isa = PBXFileReference; lastKnownFileType = sourcecode.swift; path = GameSessionViewController.swift; sourceTree = "<group>"; };
		434BDB042021C8500029BB85 /* GameSessionViewController.xib */ = {isa = PBXFileReference; lastKnownFileType = file.xib; path = GameSessionViewController.xib; sourceTree = "<group>"; };
		434BDB072021CC190029BB85 /* FinalFrameView.swift */ = {isa = PBXFileReference; lastKnownFileType = sourcecode.swift; path = FinalFrameView.swift; sourceTree = "<group>"; };
		434BDB092021CC390029BB85 /* FinalFrameView.xib */ = {isa = PBXFileReference; lastKnownFileType = file.xib; path = FinalFrameView.xib; sourceTree = "<group>"; };
		434C7612200E0B7F00879242 /* Bowling.app */ = {isa = PBXFileReference; explicitFileType = wrapper.application; includeInIndex = 0; path = Bowling.app; sourceTree = BUILT_PRODUCTS_DIR; };
		434C7615200E0B7F00879242 /* AppDelegate.swift */ = {isa = PBXFileReference; lastKnownFileType = sourcecode.swift; path = AppDelegate.swift; sourceTree = "<group>"; };
		434C761C200E0B8000879242 /* Assets.xcassets */ = {isa = PBXFileReference; lastKnownFileType = folder.assetcatalog; path = Assets.xcassets; sourceTree = "<group>"; };
		434C761F200E0B8000879242 /* Base */ = {isa = PBXFileReference; lastKnownFileType = file.storyboard; name = Base; path = Base.lproj/LaunchScreen.storyboard; sourceTree = "<group>"; };
		434C7621200E0B8000879242 /* Info.plist */ = {isa = PBXFileReference; lastKnownFileType = text.plist.xml; path = Info.plist; sourceTree = "<group>"; };
		434C762E200E142400879242 /* Game .swift */ = {isa = PBXFileReference; lastKnownFileType = sourcecode.swift; path = "Game .swift"; sourceTree = "<group>"; };
		434C7630200E146B00879242 /* Frame.swift */ = {isa = PBXFileReference; lastKnownFileType = sourcecode.swift; path = Frame.swift; sourceTree = "<group>"; };
		434C7632200E168A00879242 /* GameProtocol.swift */ = {isa = PBXFileReference; lastKnownFileType = sourcecode.swift; path = GameProtocol.swift; sourceTree = "<group>"; };
		434C7634200E1D7000879242 /* FrameProtocol.swift */ = {isa = PBXFileReference; lastKnownFileType = sourcecode.swift; path = FrameProtocol.swift; sourceTree = "<group>"; };
		434C8CB52020A542003D8E42 /* FrameView.swift */ = {isa = PBXFileReference; lastKnownFileType = sourcecode.swift; path = FrameView.swift; sourceTree = "<group>"; };
		434C8CB72020A557003D8E42 /* FrameView.xib */ = {isa = PBXFileReference; lastKnownFileType = file.xib; path = FrameView.xib; sourceTree = "<group>"; };
		434C8CB92020B1D4003D8E42 /* GameView.swift */ = {isa = PBXFileReference; lastKnownFileType = sourcecode.swift; path = GameView.swift; sourceTree = "<group>"; };
		434C8CBB2020B1F1003D8E42 /* GameView.xib */ = {isa = PBXFileReference; lastKnownFileType = file.xib; path = GameView.xib; sourceTree = "<group>"; };
		434D683F203EE30800133E51 /* FrameViewModelProtocol.swift */ = {isa = PBXFileReference; lastKnownFileType = sourcecode.swift; path = FrameViewModelProtocol.swift; sourceTree = "<group>"; };
		434DB51020132E3100F3017A /* NamesOfPlayersTableViewCell.swift */ = {isa = PBXFileReference; lastKnownFileType = sourcecode.swift; path = NamesOfPlayersTableViewCell.swift; sourceTree = "<group>"; };
		434DB51120132E3100F3017A /* NamesOfPlayersTableViewCell.xib */ = {isa = PBXFileReference; lastKnownFileType = file.xib; path = NamesOfPlayersTableViewCell.xib; sourceTree = "<group>"; };
		4352D849202359240093011C /* GameViewModel.swift */ = {isa = PBXFileReference; lastKnownFileType = sourcecode.swift; path = GameViewModel.swift; sourceTree = "<group>"; };
		4352D84B2023595D0093011C /* GameSessionViewModel.swift */ = {isa = PBXFileReference; lastKnownFileType = sourcecode.swift; path = GameSessionViewModel.swift; sourceTree = "<group>"; };
		4352D84D202359A10093011C /* GameViewModelProtocol .swift */ = {isa = PBXFileReference; lastKnownFileType = sourcecode.swift; path = "GameViewModelProtocol .swift"; sourceTree = "<group>"; };
		4352D84F202359D80093011C /* GameSessionViewModelProtocol .swift */ = {isa = PBXFileReference; lastKnownFileType = sourcecode.swift; path = "GameSessionViewModelProtocol .swift"; sourceTree = "<group>"; };
		435B2F1120482F6E005B564C /* LocationGameViewController.swift */ = {isa = PBXFileReference; lastKnownFileType = sourcecode.swift; path = LocationGameViewController.swift; sourceTree = "<group>"; };
		435B2F1220482F6E005B564C /* LocationGameViewController.xib */ = {isa = PBXFileReference; lastKnownFileType = file.xib; path = LocationGameViewController.xib; sourceTree = "<group>"; };
		435B2F17204830BD005B564C /* CustomCalloutView.xib */ = {isa = PBXFileReference; lastKnownFileType = file.xib; path = CustomCalloutView.xib; sourceTree = "<group>"; };
		435B2F19204830EB005B564C /* CustomCalloutView.swift */ = {isa = PBXFileReference; lastKnownFileType = sourcecode.swift; path = CustomCalloutView.swift; sourceTree = "<group>"; };
		435FBBC42010AA770087E415 /* NamesOfPlayersViewController.swift */ = {isa = PBXFileReference; lastKnownFileType = sourcecode.swift; path = NamesOfPlayersViewController.swift; sourceTree = "<group>"; };
		435FBBCA2010CA8C0087E415 /* NamesOfPlayersView.xib */ = {isa = PBXFileReference; lastKnownFileType = file.xib; path = NamesOfPlayersView.xib; sourceTree = "<group>"; };
		435FBBCF2010DD780087E415 /* AppCoordinator.swift */ = {isa = PBXFileReference; lastKnownFileType = sourcecode.swift; path = AppCoordinator.swift; sourceTree = "<group>"; };
		435FBBD12010EC140087E415 /* CountOfPlayerCoordinator.swift */ = {isa = PBXFileReference; lastKnownFileType = sourcecode.swift; path = CountOfPlayerCoordinator.swift; sourceTree = "<group>"; };
		435FBBD32010F6640087E415 /* NamesOfPlayersCoordinator .swift */ = {isa = PBXFileReference; lastKnownFileType = sourcecode.swift; path = "NamesOfPlayersCoordinator .swift"; sourceTree = "<group>"; };
		436BA3DE20443DE800C5DF30 /* BowlingTests.xctest */ = {isa = PBXFileReference; explicitFileType = wrapper.cfbundle; includeInIndex = 0; path = BowlingTests.xctest; sourceTree = BUILT_PRODUCTS_DIR; };
		436BA3E220443DE800C5DF30 /* Info.plist */ = {isa = PBXFileReference; lastKnownFileType = text.plist.xml; path = Info.plist; sourceTree = "<group>"; };
		437187102024ABE60069645B /* FrameViewModel.swift */ = {isa = PBXFileReference; lastKnownFileType = sourcecode.swift; path = FrameViewModel.swift; sourceTree = "<group>"; };
		4376D5DF204A87570088AE58 /* Service.swift */ = {isa = PBXFileReference; lastKnownFileType = sourcecode.swift; path = Service.swift; sourceTree = "<group>"; };
		4376D5E5204ABF870088AE58 /* LocationGameCoordinator.swift */ = {isa = PBXFileReference; lastKnownFileType = sourcecode.swift; path = LocationGameCoordinator.swift; sourceTree = "<group>"; };
		4376D5E9204AE2290088AE58 /* СalloutLegView.swift */ = {isa = PBXFileReference; lastKnownFileType = sourcecode.swift; path = "СalloutLegView.swift"; sourceTree = "<group>"; };
		43A71562203EE9E200DFA516 /*  FinalFrameViewModelProtocol.swift */ = {isa = PBXFileReference; lastKnownFileType = sourcecode.swift; path = " FinalFrameViewModelProtocol.swift"; sourceTree = "<group>"; };
		43F91C88204D941C00659858 /* Bowling.xcdatamodel */ = {isa = PBXFileReference; lastKnownFileType = wrapper.xcdatamodel; path = Bowling.xcdatamodel; sourceTree = "<group>"; };
		43F91C8A204D946A00659858 /* CoreDataManager .swift */ = {isa = PBXFileReference; lastKnownFileType = sourcecode.swift; path = "CoreDataManager .swift"; sourceTree = "<group>"; };
		9C81CE5FD2CA97B1D9439D8C /* Pods-Bowling.release.xcconfig */ = {isa = PBXFileReference; includeInIndex = 1; lastKnownFileType = text.xcconfig; name = "Pods-Bowling.release.xcconfig"; path = "Pods/Target Support Files/Pods-Bowling/Pods-Bowling.release.xcconfig"; sourceTree = "<group>"; };
		9E4C36FC439530462EA0329E /* Pods-Bowling.debug.xcconfig */ = {isa = PBXFileReference; includeInIndex = 1; lastKnownFileType = text.xcconfig; name = "Pods-Bowling.debug.xcconfig"; path = "Pods/Target Support Files/Pods-Bowling/Pods-Bowling.debug.xcconfig"; sourceTree = "<group>"; };
/* End PBXFileReference section */

/* Begin PBXFrameworksBuildPhase section */
		434C760F200E0B7F00879242 /* Frameworks */ = {
			isa = PBXFrameworksBuildPhase;
			buildActionMask = 2147483647;
			files = (
				4345753C2049361300838CC9 /* MapKit.framework in Frameworks */,
				B94A91A75D03B5E1215A9E4D /* Pods_Bowling.framework in Frameworks */,
			);
			runOnlyForDeploymentPostprocessing = 0;
		};
		436BA3DB20443DE800C5DF30 /* Frameworks */ = {
			isa = PBXFrameworksBuildPhase;
			buildActionMask = 2147483647;
			files = (
			);
			runOnlyForDeploymentPostprocessing = 0;
		};
/* End PBXFrameworksBuildPhase section */

/* Begin PBXGroup section */
		433DBA35200F52E500732B20 /* Protocols */ = {
			isa = PBXGroup;
			children = (
				434C7632200E168A00879242 /* GameProtocol.swift */,
				434C7634200E1D7000879242 /* FrameProtocol.swift */,
			);
			path = Protocols;
			sourceTree = "<group>";
		};
		433DBA3C200F62CA00732B20 /* Protocols */ = {
			isa = PBXGroup;
			children = (
				433DBA3D200F631C00732B20 /* CountOfPlayerProtocol.swift */,
				4348EC3E2018825800B8E457 /* NamesOfPlayersProtocol .swift */,
				4352D84D202359A10093011C /* GameViewModelProtocol .swift */,
				4352D84F202359D80093011C /* GameSessionViewModelProtocol .swift */,
				434D683F203EE30800133E51 /* FrameViewModelProtocol.swift */,
				43A71562203EE9E200DFA516 /*  FinalFrameViewModelProtocol.swift */,
			);
			path = Protocols;
			sourceTree = "<group>";
		};
		4346FD77202C4146003768B5 /* Frame */ = {
			isa = PBXGroup;
			children = (
				434BDB072021CC190029BB85 /* FinalFrameView.swift */,
				434BDB092021CC390029BB85 /* FinalFrameView.xib */,
				434C8CB52020A542003D8E42 /* FrameView.swift */,
				434C8CB72020A557003D8E42 /* FrameView.xib */,
			);
			path = Frame;
			sourceTree = "<group>";
		};
		4346FD78202C428B003768B5 /* Game */ = {
			isa = PBXGroup;
			children = (
				434C8CB92020B1D4003D8E42 /* GameView.swift */,
				434BDB042021C8500029BB85 /* GameSessionViewController.xib */,
				434BDB032021C8500029BB85 /* GameSessionViewController.swift */,
				434C8CBB2020B1F1003D8E42 /* GameView.xib */,
			);
			path = Game;
			sourceTree = "<group>";
		};
		434C7609200E0B7F00879242 = {
			isa = PBXGroup;
			children = (
				434C7614200E0B7F00879242 /* Bowling */,
				436BA3DF20443DE800C5DF30 /* BowlingTests */,
				434C7613200E0B7F00879242 /* Products */,
				F0DE33E2A13F98BDC1086A6D /* Pods */,
				BD6CC9596BCB8DDC928BE189 /* Frameworks */,
			);
			sourceTree = "<group>";
		};
		434C7613200E0B7F00879242 /* Products */ = {
			isa = PBXGroup;
			children = (
				434C7612200E0B7F00879242 /* Bowling.app */,
				436BA3DE20443DE800C5DF30 /* BowlingTests.xctest */,
			);
			name = Products;
			sourceTree = "<group>";
		};
		434C7614200E0B7F00879242 /* Bowling */ = {
			isa = PBXGroup;
			children = (
				43F91C86204D93D300659858 /* CoreData */,
				4376D5DE204A870B0088AE58 /* Serviсe */,
				435FBBCC2010DB530087E415 /* Coordinators */,
				434C7629200E0BF700879242 /* View */,
				434C7628200E0BCF00879242 /* ViewModel */,
				434C7627200E0BBC00879242 /* Model */,
				434C7615200E0B7F00879242 /* AppDelegate.swift */,
				434C761C200E0B8000879242 /* Assets.xcassets */,
				434C761E200E0B8000879242 /* LaunchScreen.storyboard */,
				434C7621200E0B8000879242 /* Info.plist */,
			);
			path = Bowling;
			sourceTree = "<group>";
		};
		434C7627200E0BBC00879242 /* Model */ = {
			isa = PBXGroup;
			children = (
				433DBA35200F52E500732B20 /* Protocols */,
				434C762E200E142400879242 /* Game .swift */,
				434C7630200E146B00879242 /* Frame.swift */,
			);
			path = Model;
			sourceTree = "<group>";
		};
		434C7628200E0BCF00879242 /* ViewModel */ = {
			isa = PBXGroup;
			children = (
				433DBA3C200F62CA00732B20 /* Protocols */,
				433DBA3A200F627400732B20 /* CountOfPlayerViewModel.swift */,
				4348EC40201885DE00B8E457 /* NamesOfPlayersViewModel .swift */,
				4352D849202359240093011C /* GameViewModel.swift */,
				4352D84B2023595D0093011C /* GameSessionViewModel.swift */,
				437187102024ABE60069645B /* FrameViewModel.swift */,
				434B08532029C99B00EE5BB3 /* FinalFrameViewModel.swift */,
				4345754520495F0900838CC9 /* LocationGameViewModel.swift */,
			);
			path = ViewModel;
			sourceTree = "<group>";
		};
		434C7629200E0BF700879242 /* View */ = {
			isa = PBXGroup;
			children = (
				435B2F1520482F75005B564C /* LocationGame */,
				434C8CB42020A179003D8E42 /* GameSession */,
				434C8CB32020A133003D8E42 /* NamesOfPlayers */,
				434C8CB22020A108003D8E42 /* CountOfPlayer */,
			);
			path = View;
			sourceTree = "<group>";
		};
		434C8CB22020A108003D8E42 /* CountOfPlayer */ = {
			isa = PBXGroup;
			children = (
				433DBA36200F603800732B20 /* CountOfPlayerView.xib */,
				433DBA38200F61A200732B20 /* CountOfPlayerViewController.swift */,
			);
			path = CountOfPlayer;
			sourceTree = "<group>";
		};
		434C8CB32020A133003D8E42 /* NamesOfPlayers */ = {
			isa = PBXGroup;
			children = (
				435FBBC42010AA770087E415 /* NamesOfPlayersViewController.swift */,
				434DB51020132E3100F3017A /* NamesOfPlayersTableViewCell.swift */,
				434DB51120132E3100F3017A /* NamesOfPlayersTableViewCell.xib */,
				435FBBCA2010CA8C0087E415 /* NamesOfPlayersView.xib */,
			);
			path = NamesOfPlayers;
			sourceTree = "<group>";
		};
		434C8CB42020A179003D8E42 /* GameSession */ = {
			isa = PBXGroup;
			children = (
				4346FD78202C428B003768B5 /* Game */,
				4346FD77202C4146003768B5 /* Frame */,
			);
			path = GameSession;
			sourceTree = "<group>";
		};
		435B2F1520482F75005B564C /* LocationGame */ = {
			isa = PBXGroup;
			children = (
				435B2F162048305D005B564C /* CustomCallout */,
				435B2F1120482F6E005B564C /* LocationGameViewController.swift */,
				435B2F1220482F6E005B564C /* LocationGameViewController.xib */,
				434575472049643C00838CC9 /* DemoViewController.swift */,
				434575482049643C00838CC9 /* DemoViewController.xib */,
				4376D5E9204AE2290088AE58 /* СalloutLegView.swift */,
			);
			path = LocationGame;
			sourceTree = "<group>";
		};
		435B2F162048305D005B564C /* CustomCallout */ = {
			isa = PBXGroup;
			children = (
				435B2F17204830BD005B564C /* CustomCalloutView.xib */,
				435B2F19204830EB005B564C /* CustomCalloutView.swift */,
			);
			path = CustomCallout;
			sourceTree = "<group>";
		};
		435FBBCC2010DB530087E415 /* Coordinators */ = {
			isa = PBXGroup;
			children = (
				435FBBCF2010DD780087E415 /* AppCoordinator.swift */,
				435FBBD12010EC140087E415 /* CountOfPlayerCoordinator.swift */,
				435FBBD32010F6640087E415 /* NamesOfPlayersCoordinator .swift */,
				4376D5E5204ABF870088AE58 /* LocationGameCoordinator.swift */,
				4346FD79202C72F2003768B5 /* GameSessionCoordinator.swift */,
			);
			path = Coordinators;
			sourceTree = "<group>";
		};
		436BA3DF20443DE800C5DF30 /* BowlingTests */ = {
			isa = PBXGroup;
			children = (
				4342F33120453B2D00D89C84 /* FrameTests.swift */,
				4342F33320454F8300D89C84 /* GameTests.swift */,
				436BA3E220443DE800C5DF30 /* Info.plist */,
			);
			path = BowlingTests;
			sourceTree = "<group>";
		};
		4376D5DE204A870B0088AE58 /* Serviсe */ = {
			isa = PBXGroup;
			children = (
				4376D5DF204A87570088AE58 /* Service.swift */,
			);
			path = "Serviсe";
			sourceTree = "<group>";
		};
		43F91C86204D93D300659858 /* CoreData */ = {
			isa = PBXGroup;
			children = (
				43F91C87204D941C00659858 /* Bowling.xcdatamodeld */,
				43F91C8A204D946A00659858 /* CoreDataManager .swift */,
			);
			path = CoreData;
			sourceTree = "<group>";
		};
		BD6CC9596BCB8DDC928BE189 /* Frameworks */ = {
			isa = PBXGroup;
			children = (
				4345753B2049361300838CC9 /* MapKit.framework */,
				36160B32C118AE7053BDB6AB /* Pods_Bowling.framework */,
			);
			name = Frameworks;
			sourceTree = "<group>";
		};
		F0DE33E2A13F98BDC1086A6D /* Pods */ = {
			isa = PBXGroup;
			children = (
				9E4C36FC439530462EA0329E /* Pods-Bowling.debug.xcconfig */,
				9C81CE5FD2CA97B1D9439D8C /* Pods-Bowling.release.xcconfig */,
			);
			name = Pods;
			sourceTree = "<group>";
		};
/* End PBXGroup section */

/* Begin PBXNativeTarget section */
		434C7611200E0B7F00879242 /* Bowling */ = {
			isa = PBXNativeTarget;
			buildConfigurationList = 434C7624200E0B8000879242 /* Build configuration list for PBXNativeTarget "Bowling" */;
			buildPhases = (
				2E73127E6A4973D8EB17BBC3 /* [CP] Check Pods Manifest.lock */,
				434C760E200E0B7F00879242 /* Sources */,
				434C760F200E0B7F00879242 /* Frameworks */,
				434C7610200E0B7F00879242 /* Resources */,
				9B87D4113001B37FFFD24191 /* [CP] Embed Pods Frameworks */,
				C42333B1D590C803C10516CB /* [CP] Copy Pods Resources */,
			);
			buildRules = (
			);
			dependencies = (
			);
			name = Bowling;
			productName = Bowling;
			productReference = 434C7612200E0B7F00879242 /* Bowling.app */;
			productType = "com.apple.product-type.application";
		};
		436BA3DD20443DE800C5DF30 /* BowlingTests */ = {
			isa = PBXNativeTarget;
			buildConfigurationList = 436BA3E720443DE800C5DF30 /* Build configuration list for PBXNativeTarget "BowlingTests" */;
			buildPhases = (
				436BA3DA20443DE800C5DF30 /* Sources */,
				436BA3DB20443DE800C5DF30 /* Frameworks */,
				436BA3DC20443DE800C5DF30 /* Resources */,
			);
			buildRules = (
			);
			dependencies = (
				436BA3E420443DE800C5DF30 /* PBXTargetDependency */,
			);
			name = BowlingTests;
			productName = BowlingTests;
			productReference = 436BA3DE20443DE800C5DF30 /* BowlingTests.xctest */;
			productType = "com.apple.product-type.bundle.unit-test";
		};
/* End PBXNativeTarget section */

/* Begin PBXProject section */
		434C760A200E0B7F00879242 /* Project object */ = {
			isa = PBXProject;
			attributes = {
				LastSwiftUpdateCheck = 0910;
				LastUpgradeCheck = 0910;
				ORGANIZATIONNAME = Ihar_Karalko;
				TargetAttributes = {
					434C7611200E0B7F00879242 = {
						CreatedOnToolsVersion = 9.1;
						ProvisioningStyle = Automatic;
						SystemCapabilities = {
							com.apple.Maps.iOS = {
								enabled = 1;
							};
						};
					};
					436BA3DD20443DE800C5DF30 = {
						CreatedOnToolsVersion = 9.1;
						ProvisioningStyle = Automatic;
						TestTargetID = 434C7611200E0B7F00879242;
					};
				};
			};
			buildConfigurationList = 434C760D200E0B7F00879242 /* Build configuration list for PBXProject "Bowling" */;
			compatibilityVersion = "Xcode 8.0";
			developmentRegion = en;
			hasScannedForEncodings = 0;
			knownRegions = (
				en,
				Base,
			);
			mainGroup = 434C7609200E0B7F00879242;
			productRefGroup = 434C7613200E0B7F00879242 /* Products */;
			projectDirPath = "";
			projectRoot = "";
			targets = (
				434C7611200E0B7F00879242 /* Bowling */,
				436BA3DD20443DE800C5DF30 /* BowlingTests */,
			);
		};
/* End PBXProject section */

/* Begin PBXResourcesBuildPhase section */
		434C7610200E0B7F00879242 /* Resources */ = {
			isa = PBXResourcesBuildPhase;
			buildActionMask = 2147483647;
			files = (
				433DBA37200F603800732B20 /* CountOfPlayerView.xib in Resources */,
				434C7620200E0B8000879242 /* LaunchScreen.storyboard in Resources */,
				434C8CB82020A557003D8E42 /* FrameView.xib in Resources */,
				434BDB062021C8500029BB85 /* GameSessionViewController.xib in Resources */,
				434C8CBC2020B1F1003D8E42 /* GameView.xib in Resources */,
				435B2F18204830BD005B564C /* CustomCalloutView.xib in Resources */,
				435B2F1420482F6E005B564C /* LocationGameViewController.xib in Resources */,
				4345754A2049643C00838CC9 /* DemoViewController.xib in Resources */,
				435FBBCB2010CA8C0087E415 /* NamesOfPlayersView.xib in Resources */,
				434C761D200E0B8000879242 /* Assets.xcassets in Resources */,
				434DB51320132E3100F3017A /* NamesOfPlayersTableViewCell.xib in Resources */,
				434BDB0A2021CC390029BB85 /* FinalFrameView.xib in Resources */,
			);
			runOnlyForDeploymentPostprocessing = 0;
		};
		436BA3DC20443DE800C5DF30 /* Resources */ = {
			isa = PBXResourcesBuildPhase;
			buildActionMask = 2147483647;
			files = (
			);
			runOnlyForDeploymentPostprocessing = 0;
		};
/* End PBXResourcesBuildPhase section */

/* Begin PBXShellScriptBuildPhase section */
		2E73127E6A4973D8EB17BBC3 /* [CP] Check Pods Manifest.lock */ = {
			isa = PBXShellScriptBuildPhase;
			buildActionMask = 2147483647;
			files = (
			);
			inputPaths = (
				"${PODS_PODFILE_DIR_PATH}/Podfile.lock",
				"${PODS_ROOT}/Manifest.lock",
			);
			name = "[CP] Check Pods Manifest.lock";
			outputPaths = (
				"$(DERIVED_FILE_DIR)/Pods-Bowling-checkManifestLockResult.txt",
			);
			runOnlyForDeploymentPostprocessing = 0;
			shellPath = /bin/sh;
			shellScript = "diff \"${PODS_PODFILE_DIR_PATH}/Podfile.lock\" \"${PODS_ROOT}/Manifest.lock\" > /dev/null\nif [ $? != 0 ] ; then\n    # print error to STDERR\n    echo \"error: The sandbox is not in sync with the Podfile.lock. Run 'pod install' or update your CocoaPods installation.\" >&2\n    exit 1\nfi\n# This output is used by Xcode 'outputs' to avoid re-running this script phase.\necho \"SUCCESS\" > \"${SCRIPT_OUTPUT_FILE_0}\"\n";
			showEnvVarsInLog = 0;
		};
		9B87D4113001B37FFFD24191 /* [CP] Embed Pods Frameworks */ = {
			isa = PBXShellScriptBuildPhase;
			buildActionMask = 2147483647;
			files = (
			);
			inputPaths = (
				"${SRCROOT}/Pods/Target Support Files/Pods-Bowling/Pods-Bowling-frameworks.sh",
				"${BUILT_PRODUCTS_DIR}/ReactiveCocoa/ReactiveCocoa.framework",
				"${BUILT_PRODUCTS_DIR}/ReactiveSwift/ReactiveSwift.framework",
				"${BUILT_PRODUCTS_DIR}/Result/Result.framework",
			);
			name = "[CP] Embed Pods Frameworks";
			outputPaths = (
				"${TARGET_BUILD_DIR}/${FRAMEWORKS_FOLDER_PATH}/ReactiveCocoa.framework",
				"${TARGET_BUILD_DIR}/${FRAMEWORKS_FOLDER_PATH}/ReactiveSwift.framework",
				"${TARGET_BUILD_DIR}/${FRAMEWORKS_FOLDER_PATH}/Result.framework",
			);
			runOnlyForDeploymentPostprocessing = 0;
			shellPath = /bin/sh;
			shellScript = "\"${SRCROOT}/Pods/Target Support Files/Pods-Bowling/Pods-Bowling-frameworks.sh\"\n";
			showEnvVarsInLog = 0;
		};
		C42333B1D590C803C10516CB /* [CP] Copy Pods Resources */ = {
			isa = PBXShellScriptBuildPhase;
			buildActionMask = 2147483647;
			files = (
			);
			inputPaths = (
			);
			name = "[CP] Copy Pods Resources";
			outputPaths = (
			);
			runOnlyForDeploymentPostprocessing = 0;
			shellPath = /bin/sh;
			shellScript = "\"${SRCROOT}/Pods/Target Support Files/Pods-Bowling/Pods-Bowling-resources.sh\"\n";
			showEnvVarsInLog = 0;
		};
/* End PBXShellScriptBuildPhase section */

/* Begin PBXSourcesBuildPhase section */
		434C760E200E0B7F00879242 /* Sources */ = {
			isa = PBXSourcesBuildPhase;
			buildActionMask = 2147483647;
			files = (
				435FBBD42010F6640087E415 /* NamesOfPlayersCoordinator .swift in Sources */,
				4346FD7A202C72F2003768B5 /* GameSessionCoordinator.swift in Sources */,
				43F91C89204D941C00659858 /* Bowling.xcdatamodeld in Sources */,
				4348EC3F2018825800B8E457 /* NamesOfPlayersProtocol .swift in Sources */,
				4376D5E6204ABF870088AE58 /* LocationGameCoordinator.swift in Sources */,
				434DB51220132E3100F3017A /* NamesOfPlayersTableViewCell.swift in Sources */,
				43A71563203EE9E200DFA516 /*  FinalFrameViewModelProtocol.swift in Sources */,
				435FBBC52010AA770087E415 /* NamesOfPlayersViewController.swift in Sources */,
				434C762F200E142400879242 /* Game .swift in Sources */,
				435FBBD02010DD780087E415 /* AppCoordinator.swift in Sources */,
				4352D850202359D80093011C /* GameSessionViewModelProtocol .swift in Sources */,
				437187112024ABE60069645B /* FrameViewModel.swift in Sources */,
				433DBA3E200F631C00732B20 /* CountOfPlayerProtocol.swift in Sources */,
				4376D5E0204A87570088AE58 /* Service.swift in Sources */,
				4376D5EA204AE2290088AE58 /* СalloutLegView.swift in Sources */,
				434C8CB62020A542003D8E42 /* FrameView.swift in Sources */,
				434BDB052021C8500029BB85 /* GameSessionViewController.swift in Sources */,
				43F91C8B204D946A00659858 /* CoreDataManager .swift in Sources */,
				434D6840203EE30800133E51 /* FrameViewModelProtocol.swift in Sources */,
				434C7633200E168A00879242 /* GameProtocol.swift in Sources */,
				4352D84A202359240093011C /* GameViewModel.swift in Sources */,
				435FBBD22010EC140087E415 /* CountOfPlayerCoordinator.swift in Sources */,
				434C7631200E146B00879242 /* Frame.swift in Sources */,
				434C8CBA2020B1D4003D8E42 /* GameView.swift in Sources */,
				435B2F1320482F6E005B564C /* LocationGameViewController.swift in Sources */,
				433DBA3B200F627400732B20 /* CountOfPlayerViewModel.swift in Sources */,
				4345754620495F0900838CC9 /* LocationGameViewModel.swift in Sources */,
				4352D84E202359A10093011C /* GameViewModelProtocol .swift in Sources */,
				434BDB082021CC190029BB85 /* FinalFrameView.swift in Sources */,
				4348EC41201885DE00B8E457 /* NamesOfPlayersViewModel .swift in Sources */,
				435B2F1A204830EB005B564C /* CustomCalloutView.swift in Sources */,
				434575492049643C00838CC9 /* DemoViewController.swift in Sources */,
				434C7616200E0B7F00879242 /* AppDelegate.swift in Sources */,
				433DBA39200F61A200732B20 /* CountOfPlayerViewController.swift in Sources */,
				4352D84C2023595D0093011C /* GameSessionViewModel.swift in Sources */,
				434B08542029C99B00EE5BB3 /* FinalFrameViewModel.swift in Sources */,
				434C7635200E1D7000879242 /* FrameProtocol.swift in Sources */,
			);
			runOnlyForDeploymentPostprocessing = 0;
		};
		436BA3DA20443DE800C5DF30 /* Sources */ = {
			isa = PBXSourcesBuildPhase;
			buildActionMask = 2147483647;
			files = (
				4342F33420454F8300D89C84 /* GameTests.swift in Sources */,
				4342F33220453B2D00D89C84 /* FrameTests.swift in Sources */,
			);
			runOnlyForDeploymentPostprocessing = 0;
		};
/* End PBXSourcesBuildPhase section */

/* Begin PBXTargetDependency section */
		436BA3E420443DE800C5DF30 /* PBXTargetDependency */ = {
			isa = PBXTargetDependency;
			target = 434C7611200E0B7F00879242 /* Bowling */;
			targetProxy = 436BA3E320443DE800C5DF30 /* PBXContainerItemProxy */;
		};
/* End PBXTargetDependency section */

/* Begin PBXVariantGroup section */
		434C761E200E0B8000879242 /* LaunchScreen.storyboard */ = {
			isa = PBXVariantGroup;
			children = (
				434C761F200E0B8000879242 /* Base */,
			);
			name = LaunchScreen.storyboard;
			sourceTree = "<group>";
		};
/* End PBXVariantGroup section */

/* Begin XCBuildConfiguration section */
		434C7622200E0B8000879242 /* Debug */ = {
			isa = XCBuildConfiguration;
			buildSettings = {
				ALWAYS_SEARCH_USER_PATHS = NO;
				CLANG_ANALYZER_NONNULL = YES;
				CLANG_ANALYZER_NUMBER_OBJECT_CONVERSION = YES_AGGRESSIVE;
				CLANG_CXX_LANGUAGE_STANDARD = "gnu++14";
				CLANG_CXX_LIBRARY = "libc++";
				CLANG_ENABLE_MODULES = YES;
				CLANG_ENABLE_OBJC_ARC = YES;
				CLANG_WARN_BLOCK_CAPTURE_AUTORELEASING = YES;
				CLANG_WARN_BOOL_CONVERSION = YES;
				CLANG_WARN_COMMA = YES;
				CLANG_WARN_CONSTANT_CONVERSION = YES;
				CLANG_WARN_DIRECT_OBJC_ISA_USAGE = YES_ERROR;
				CLANG_WARN_DOCUMENTATION_COMMENTS = YES;
				CLANG_WARN_EMPTY_BODY = YES;
				CLANG_WARN_ENUM_CONVERSION = YES;
				CLANG_WARN_INFINITE_RECURSION = YES;
				CLANG_WARN_INT_CONVERSION = YES;
				CLANG_WARN_NON_LITERAL_NULL_CONVERSION = YES;
				CLANG_WARN_OBJC_LITERAL_CONVERSION = YES;
				CLANG_WARN_OBJC_ROOT_CLASS = YES_ERROR;
				CLANG_WARN_RANGE_LOOP_ANALYSIS = YES;
				CLANG_WARN_STRICT_PROTOTYPES = YES;
				CLANG_WARN_SUSPICIOUS_MOVE = YES;
				CLANG_WARN_UNGUARDED_AVAILABILITY = YES_AGGRESSIVE;
				CLANG_WARN_UNREACHABLE_CODE = YES;
				CLANG_WARN__DUPLICATE_METHOD_MATCH = YES;
				CODE_SIGN_IDENTITY = "iPhone Developer";
				COPY_PHASE_STRIP = NO;
				DEBUG_INFORMATION_FORMAT = dwarf;
				ENABLE_STRICT_OBJC_MSGSEND = YES;
				ENABLE_TESTABILITY = YES;
				GCC_C_LANGUAGE_STANDARD = gnu11;
				GCC_DYNAMIC_NO_PIC = NO;
				GCC_NO_COMMON_BLOCKS = YES;
				GCC_OPTIMIZATION_LEVEL = 0;
				GCC_PREPROCESSOR_DEFINITIONS = (
					"DEBUG=1",
					"$(inherited)",
				);
				GCC_WARN_64_TO_32_BIT_CONVERSION = YES;
				GCC_WARN_ABOUT_RETURN_TYPE = YES_ERROR;
				GCC_WARN_UNDECLARED_SELECTOR = YES;
				GCC_WARN_UNINITIALIZED_AUTOS = YES_AGGRESSIVE;
				GCC_WARN_UNUSED_FUNCTION = YES;
				GCC_WARN_UNUSED_VARIABLE = YES;
				IPHONEOS_DEPLOYMENT_TARGET = 11.1;
				MTL_ENABLE_DEBUG_INFO = YES;
				ONLY_ACTIVE_ARCH = YES;
				SDKROOT = iphoneos;
				SWIFT_ACTIVE_COMPILATION_CONDITIONS = DEBUG;
				SWIFT_OPTIMIZATION_LEVEL = "-Onone";
			};
			name = Debug;
		};
		434C7623200E0B8000879242 /* Release */ = {
			isa = XCBuildConfiguration;
			buildSettings = {
				ALWAYS_SEARCH_USER_PATHS = NO;
				CLANG_ANALYZER_NONNULL = YES;
				CLANG_ANALYZER_NUMBER_OBJECT_CONVERSION = YES_AGGRESSIVE;
				CLANG_CXX_LANGUAGE_STANDARD = "gnu++14";
				CLANG_CXX_LIBRARY = "libc++";
				CLANG_ENABLE_MODULES = YES;
				CLANG_ENABLE_OBJC_ARC = YES;
				CLANG_WARN_BLOCK_CAPTURE_AUTORELEASING = YES;
				CLANG_WARN_BOOL_CONVERSION = YES;
				CLANG_WARN_COMMA = YES;
				CLANG_WARN_CONSTANT_CONVERSION = YES;
				CLANG_WARN_DIRECT_OBJC_ISA_USAGE = YES_ERROR;
				CLANG_WARN_DOCUMENTATION_COMMENTS = YES;
				CLANG_WARN_EMPTY_BODY = YES;
				CLANG_WARN_ENUM_CONVERSION = YES;
				CLANG_WARN_INFINITE_RECURSION = YES;
				CLANG_WARN_INT_CONVERSION = YES;
				CLANG_WARN_NON_LITERAL_NULL_CONVERSION = YES;
				CLANG_WARN_OBJC_LITERAL_CONVERSION = YES;
				CLANG_WARN_OBJC_ROOT_CLASS = YES_ERROR;
				CLANG_WARN_RANGE_LOOP_ANALYSIS = YES;
				CLANG_WARN_STRICT_PROTOTYPES = YES;
				CLANG_WARN_SUSPICIOUS_MOVE = YES;
				CLANG_WARN_UNGUARDED_AVAILABILITY = YES_AGGRESSIVE;
				CLANG_WARN_UNREACHABLE_CODE = YES;
				CLANG_WARN__DUPLICATE_METHOD_MATCH = YES;
				CODE_SIGN_IDENTITY = "iPhone Developer";
				COPY_PHASE_STRIP = NO;
				DEBUG_INFORMATION_FORMAT = "dwarf-with-dsym";
				ENABLE_NS_ASSERTIONS = NO;
				ENABLE_STRICT_OBJC_MSGSEND = YES;
				GCC_C_LANGUAGE_STANDARD = gnu11;
				GCC_NO_COMMON_BLOCKS = YES;
				GCC_WARN_64_TO_32_BIT_CONVERSION = YES;
				GCC_WARN_ABOUT_RETURN_TYPE = YES_ERROR;
				GCC_WARN_UNDECLARED_SELECTOR = YES;
				GCC_WARN_UNINITIALIZED_AUTOS = YES_AGGRESSIVE;
				GCC_WARN_UNUSED_FUNCTION = YES;
				GCC_WARN_UNUSED_VARIABLE = YES;
				IPHONEOS_DEPLOYMENT_TARGET = 11.1;
				MTL_ENABLE_DEBUG_INFO = NO;
				SDKROOT = iphoneos;
				SWIFT_OPTIMIZATION_LEVEL = "-Owholemodule";
				VALIDATE_PRODUCT = YES;
			};
			name = Release;
		};
		434C7625200E0B8000879242 /* Debug */ = {
			isa = XCBuildConfiguration;
			baseConfigurationReference = 9E4C36FC439530462EA0329E /* Pods-Bowling.debug.xcconfig */;
			buildSettings = {
				ASSETCATALOG_COMPILER_APPICON_NAME = AppIcon;
				CODE_SIGN_STYLE = Automatic;
				INFOPLIST_FILE = Bowling/Info.plist;
				LD_RUNPATH_SEARCH_PATHS = "$(inherited) @executable_path/Frameworks";
				PRODUCT_BUNDLE_IDENTIFIER = senla.Bowling;
				PRODUCT_NAME = "$(TARGET_NAME)";
				SWIFT_VERSION = 4.0;
				TARGETED_DEVICE_FAMILY = "1,2";
			};
			name = Debug;
		};
		434C7626200E0B8000879242 /* Release */ = {
			isa = XCBuildConfiguration;
			baseConfigurationReference = 9C81CE5FD2CA97B1D9439D8C /* Pods-Bowling.release.xcconfig */;
			buildSettings = {
				ASSETCATALOG_COMPILER_APPICON_NAME = AppIcon;
				CODE_SIGN_STYLE = Automatic;
				INFOPLIST_FILE = Bowling/Info.plist;
				LD_RUNPATH_SEARCH_PATHS = "$(inherited) @executable_path/Frameworks";
				PRODUCT_BUNDLE_IDENTIFIER = senla.Bowling;
				PRODUCT_NAME = "$(TARGET_NAME)";
				SWIFT_VERSION = 4.0;
				TARGETED_DEVICE_FAMILY = "1,2";
			};
			name = Release;
		};
		436BA3E520443DE800C5DF30 /* Debug */ = {
			isa = XCBuildConfiguration;
			buildSettings = {
				BUNDLE_LOADER = "$(TEST_HOST)";
				CODE_SIGN_STYLE = Automatic;
				INFOPLIST_FILE = BowlingTests/Info.plist;
				LD_RUNPATH_SEARCH_PATHS = "$(inherited) @executable_path/Frameworks @loader_path/Frameworks";
				PRODUCT_BUNDLE_IDENTIFIER = senla.BowlingTests;
				PRODUCT_NAME = "$(TARGET_NAME)";
				SWIFT_VERSION = 4.0;
				TARGETED_DEVICE_FAMILY = "1,2";
				TEST_HOST = "$(BUILT_PRODUCTS_DIR)/Bowling.app/Bowling";
			};
			name = Debug;
		};
		436BA3E620443DE800C5DF30 /* Release */ = {
			isa = XCBuildConfiguration;
			buildSettings = {
				BUNDLE_LOADER = "$(TEST_HOST)";
				CODE_SIGN_STYLE = Automatic;
				INFOPLIST_FILE = BowlingTests/Info.plist;
				LD_RUNPATH_SEARCH_PATHS = "$(inherited) @executable_path/Frameworks @loader_path/Frameworks";
				PRODUCT_BUNDLE_IDENTIFIER = senla.BowlingTests;
				PRODUCT_NAME = "$(TARGET_NAME)";
				SWIFT_VERSION = 4.0;
				TARGETED_DEVICE_FAMILY = "1,2";
				TEST_HOST = "$(BUILT_PRODUCTS_DIR)/Bowling.app/Bowling";
			};
			name = Release;
		};
/* End XCBuildConfiguration section */

/* Begin XCConfigurationList section */
		434C760D200E0B7F00879242 /* Build configuration list for PBXProject "Bowling" */ = {
			isa = XCConfigurationList;
			buildConfigurations = (
				434C7622200E0B8000879242 /* Debug */,
				434C7623200E0B8000879242 /* Release */,
			);
			defaultConfigurationIsVisible = 0;
			defaultConfigurationName = Release;
		};
		434C7624200E0B8000879242 /* Build configuration list for PBXNativeTarget "Bowling" */ = {
			isa = XCConfigurationList;
			buildConfigurations = (
				434C7625200E0B8000879242 /* Debug */,
				434C7626200E0B8000879242 /* Release */,
			);
			defaultConfigurationIsVisible = 0;
			defaultConfigurationName = Release;
		};
		436BA3E720443DE800C5DF30 /* Build configuration list for PBXNativeTarget "BowlingTests" */ = {
			isa = XCConfigurationList;
			buildConfigurations = (
				436BA3E520443DE800C5DF30 /* Debug */,
				436BA3E620443DE800C5DF30 /* Release */,
			);
			defaultConfigurationIsVisible = 0;
			defaultConfigurationName = Release;
		};
/* End XCConfigurationList section */

/* Begin XCVersionGroup section */
		43F91C87204D941C00659858 /* Bowling.xcdatamodeld */ = {
			isa = XCVersionGroup;
			children = (
				43F91C88204D941C00659858 /* Bowling.xcdatamodel */,
			);
			currentVersion = 43F91C88204D941C00659858 /* Bowling.xcdatamodel */;
			path = Bowling.xcdatamodeld;
			sourceTree = "<group>";
			versionGroupType = wrapper.xcdatamodel;
		};
/* End XCVersionGroup section */
	};
	rootObject = 434C760A200E0B7F00879242 /* Project object */;
}
